// !$*UTF8*$!
{
	archiveVersion = 1;
	classes = {
	};
	objectVersion = 46;
	objects = {

/* Begin PBXBuildFile section */
		7CE93F1E1D6BAD560033846C /* AppDelegate.swift in Sources */ = {isa = PBXBuildFile; fileRef = 7CE93F1D1D6BAD560033846C /* AppDelegate.swift */; };
		7CE93F231D6BAD560033846C /* Main.storyboard in Resources */ = {isa = PBXBuildFile; fileRef = 7CE93F211D6BAD560033846C /* Main.storyboard */; };
		7CE93F261D6BAD560033846C /* Moonrunner.xcdatamodeld in Sources */ = {isa = PBXBuildFile; fileRef = 7CE93F241D6BAD560033846C /* Moonrunner.xcdatamodeld */; };
		7CE93F281D6BAD560033846C /* Assets.xcassets in Resources */ = {isa = PBXBuildFile; fileRef = 7CE93F271D6BAD560033846C /* Assets.xcassets */; };
		7CE93F2B1D6BAD560033846C /* LaunchScreen.storyboard in Resources */ = {isa = PBXBuildFile; fileRef = 7CE93F291D6BAD560033846C /* LaunchScreen.storyboard */; };
		7CE93F361D6BBE7B0033846C /* Location+CoreDataProperties.swift in Sources */ = {isa = PBXBuildFile; fileRef = 7CE93F321D6BBE7B0033846C /* Location+CoreDataProperties.swift */; };
		7CE93F371D6BBE7B0033846C /* Location.swift in Sources */ = {isa = PBXBuildFile; fileRef = 7CE93F331D6BBE7B0033846C /* Location.swift */; };
		7CE93F381D6BBE7B0033846C /* Run+CoreDataProperties.swift in Sources */ = {isa = PBXBuildFile; fileRef = 7CE93F341D6BBE7B0033846C /* Run+CoreDataProperties.swift */; };
		7CE93F391D6BBE7B0033846C /* Run.swift in Sources */ = {isa = PBXBuildFile; fileRef = 7CE93F351D6BBE7B0033846C /* Run.swift */; };
		7CE93F3C1D6BBEA90033846C /* MapKit.framework in Frameworks */ = {isa = PBXBuildFile; fileRef = 7CE93F3B1D6BBEA90033846C /* MapKit.framework */; };
		7CE93F3E1D6BC94C0033846C /* HomeViewController.swift in Sources */ = {isa = PBXBuildFile; fileRef = 7CE93F3D1D6BC94C0033846C /* HomeViewController.swift */; };
		7CE93F401D6BCD230033846C /* NewRunViewController.swift in Sources */ = {isa = PBXBuildFile; fileRef = 7CE93F3F1D6BCD230033846C /* NewRunViewController.swift */; };
		7CE93F421D6BF0720033846C /* DetailViewController.swift in Sources */ = {isa = PBXBuildFile; fileRef = 7CE93F411D6BF0720033846C /* DetailViewController.swift */; };
/* End PBXBuildFile section */

/* Begin PBXFileReference section */
		7CE93F1A1D6BAD560033846C /* Moonrunner.app */ = {isa = PBXFileReference; explicitFileType = wrapper.application; includeInIndex = 0; path = Moonrunner.app; sourceTree = BUILT_PRODUCTS_DIR; };
		7CE93F1D1D6BAD560033846C /* AppDelegate.swift */ = {isa = PBXFileReference; lastKnownFileType = sourcecode.swift; path = AppDelegate.swift; sourceTree = "<group>"; };
		7CE93F221D6BAD560033846C /* Base */ = {isa = PBXFileReference; lastKnownFileType = file.storyboard; name = Base; path = Base.lproj/Main.storyboard; sourceTree = "<group>"; };
		7CE93F251D6BAD560033846C /* Moonrunner.xcdatamodel */ = {isa = PBXFileReference; lastKnownFileType = wrapper.xcdatamodel; path = Moonrunner.xcdatamodel; sourceTree = "<group>"; };
		7CE93F271D6BAD560033846C /* Assets.xcassets */ = {isa = PBXFileReference; lastKnownFileType = folder.assetcatalog; path = Assets.xcassets; sourceTree = "<group>"; };
		7CE93F2A1D6BAD560033846C /* Base */ = {isa = PBXFileReference; lastKnownFileType = file.storyboard; name = Base; path = Base.lproj/LaunchScreen.storyboard; sourceTree = "<group>"; };
		7CE93F2C1D6BAD560033846C /* Info.plist */ = {isa = PBXFileReference; lastKnownFileType = text.plist.xml; path = Info.plist; sourceTree = "<group>"; };
		7CE93F321D6BBE7B0033846C /* Location+CoreDataProperties.swift */ = {isa = PBXFileReference; fileEncoding = 4; lastKnownFileType = sourcecode.swift; path = "Location+CoreDataProperties.swift"; sourceTree = "<group>"; };
		7CE93F331D6BBE7B0033846C /* Location.swift */ = {isa = PBXFileReference; fileEncoding = 4; lastKnownFileType = sourcecode.swift; path = Location.swift; sourceTree = "<group>"; };
		7CE93F341D6BBE7B0033846C /* Run+CoreDataProperties.swift */ = {isa = PBXFileReference; fileEncoding = 4; lastKnownFileType = sourcecode.swift; path = "Run+CoreDataProperties.swift"; sourceTree = "<group>"; };
		7CE93F351D6BBE7B0033846C /* Run.swift */ = {isa = PBXFileReference; fileEncoding = 4; lastKnownFileType = sourcecode.swift; path = Run.swift; sourceTree = "<group>"; };
		7CE93F3B1D6BBEA90033846C /* MapKit.framework */ = {isa = PBXFileReference; lastKnownFileType = wrapper.framework; name = MapKit.framework; path = System/Library/Frameworks/MapKit.framework; sourceTree = SDKROOT; };
		7CE93F3D1D6BC94C0033846C /* HomeViewController.swift */ = {isa = PBXFileReference; fileEncoding = 4; lastKnownFileType = sourcecode.swift; path = HomeViewController.swift; sourceTree = "<group>"; };
		7CE93F3F1D6BCD230033846C /* NewRunViewController.swift */ = {isa = PBXFileReference; fileEncoding = 4; lastKnownFileType = sourcecode.swift; path = NewRunViewController.swift; sourceTree = "<group>"; };
		7CE93F411D6BF0720033846C /* DetailViewController.swift */ = {isa = PBXFileReference; fileEncoding = 4; lastKnownFileType = sourcecode.swift; path = DetailViewController.swift; sourceTree = "<group>"; };
/* End PBXFileReference section */

/* Begin PBXFrameworksBuildPhase section */
		7CE93F171D6BAD560033846C /* Frameworks */ = {
			isa = PBXFrameworksBuildPhase;
			buildActionMask = 2147483647;
			files = (
				7CE93F3C1D6BBEA90033846C /* MapKit.framework in Frameworks */,
			);
			runOnlyForDeploymentPostprocessing = 0;
		};
/* End PBXFrameworksBuildPhase section */

/* Begin PBXGroup section */
		7CE93F111D6BAD560033846C = {
			isa = PBXGroup;
			children = (
				7CE93F3B1D6BBEA90033846C /* MapKit.framework */,
				7CE93F3A1D6BBE890033846C /* CoreData */,
				7CE93F1C1D6BAD560033846C /* Moonrunner */,
				7CE93F1B1D6BAD560033846C /* Products */,
			);
			sourceTree = "<group>";
		};
		7CE93F1B1D6BAD560033846C /* Products */ = {
			isa = PBXGroup;
			children = (
				7CE93F1A1D6BAD560033846C /* Moonrunner.app */,
			);
			name = Products;
			sourceTree = "<group>";
		};
		7CE93F1C1D6BAD560033846C /* Moonrunner */ = {
			isa = PBXGroup;
			children = (
				7CE93F1D1D6BAD560033846C /* AppDelegate.swift */,
				7CE93F3D1D6BC94C0033846C /* HomeViewController.swift */,
				7CE93F3F1D6BCD230033846C /* NewRunViewController.swift */,
				7CE93F411D6BF0720033846C /* DetailViewController.swift */,
				7CE93F211D6BAD560033846C /* Main.storyboard */,
				7CE93F271D6BAD560033846C /* Assets.xcassets */,
				7CE93F291D6BAD560033846C /* LaunchScreen.storyboard */,
				7CE93F2C1D6BAD560033846C /* Info.plist */,
				7CE93F241D6BAD560033846C /* Moonrunner.xcdatamodeld */,
			);
			path = Moonrunner;
			sourceTree = "<group>";
		};
		7CE93F3A1D6BBE890033846C /* CoreData */ = {
			isa = PBXGroup;
			children = (
				7CE93F321D6BBE7B0033846C /* Location+CoreDataProperties.swift */,
				7CE93F331D6BBE7B0033846C /* Location.swift */,
				7CE93F341D6BBE7B0033846C /* Run+CoreDataProperties.swift */,
				7CE93F351D6BBE7B0033846C /* Run.swift */,
			);
			name = CoreData;
			sourceTree = "<group>";
		};
/* End PBXGroup section */

/* Begin PBXNativeTarget section */
		7CE93F191D6BAD560033846C /* Moonrunner */ = {
			isa = PBXNativeTarget;
			buildConfigurationList = 7CE93F2F1D6BAD560033846C /* Build configuration list for PBXNativeTarget "Moonrunner" */;
			buildPhases = (
				7CE93F161D6BAD560033846C /* Sources */,
				7CE93F171D6BAD560033846C /* Frameworks */,
				7CE93F181D6BAD560033846C /* Resources */,
			);
			buildRules = (
			);
			dependencies = (
			);
			name = Moonrunner;
			productName = Moonrunner;
			productReference = 7CE93F1A1D6BAD560033846C /* Moonrunner.app */;
			productType = "com.apple.product-type.application";
		};
/* End PBXNativeTarget section */

/* Begin PBXProject section */
		7CE93F121D6BAD560033846C /* Project object */ = {
			isa = PBXProject;
			attributes = {
				LastSwiftUpdateCheck = 0730;
				LastUpgradeCheck = 0730;
				ORGANIZATIONNAME = "Magic Unicorn";
				TargetAttributes = {
					7CE93F191D6BAD560033846C = {
						CreatedOnToolsVersion = 7.3.1;
						DevelopmentTeam = 256HHE87HY;
						SystemCapabilities = {
							com.apple.BackgroundModes = {
								enabled = 1;
							};
						};
					};
				};
			};
			buildConfigurationList = 7CE93F151D6BAD560033846C /* Build configuration list for PBXProject "Moonrunner" */;
			compatibilityVersion = "Xcode 3.2";
			developmentRegion = English;
			hasScannedForEncodings = 0;
			knownRegions = (
				en,
				Base,
			);
			mainGroup = 7CE93F111D6BAD560033846C;
			productRefGroup = 7CE93F1B1D6BAD560033846C /* Products */;
			projectDirPath = "";
			projectRoot = "";
			targets = (
				7CE93F191D6BAD560033846C /* Moonrunner */,
			);
		};
/* End PBXProject section */

/* Begin PBXResourcesBuildPhase section */
		7CE93F181D6BAD560033846C /* Resources */ = {
			isa = PBXResourcesBuildPhase;
			buildActionMask = 2147483647;
			files = (
				7CE93F2B1D6BAD560033846C /* LaunchScreen.storyboard in Resources */,
				7CE93F281D6BAD560033846C /* Assets.xcassets in Resources */,
				7CE93F231D6BAD560033846C /* Main.storyboard in Resources */,
			);
			runOnlyForDeploymentPostprocessing = 0;
		};
/* End PBXResourcesBuildPhase section */

/* Begin PBXSourcesBuildPhase section */
		7CE93F161D6BAD560033846C /* Sources */ = {
			isa = PBXSourcesBuildPhase;
			buildActionMask = 2147483647;
			files = (
				7CE93F421D6BF0720033846C /* DetailViewController.swift in Sources */,
				7CE93F361D6BBE7B0033846C /* Location+CoreDataProperties.swift in Sources */,
				7CE93F371D6BBE7B0033846C /* Location.swift in Sources */,
				7CE93F381D6BBE7B0033846C /* Run+CoreDataProperties.swift in Sources */,
				7CE93F401D6BCD230033846C /* NewRunViewController.swift in Sources */,
				7CE93F261D6BAD560033846C /* Moonrunner.xcdatamodeld in Sources */,
				7CE93F391D6BBE7B0033846C /* Run.swift in Sources */,
				7CE93F3E1D6BC94C0033846C /* HomeViewController.swift in Sources */,
				7CE93F1E1D6BAD560033846C /* AppDelegate.swift in Sources */,
			);
			runOnlyForDeploymentPostprocessing = 0;
		};
/* End PBXSourcesBuildPhase section */

/* Begin PBXVariantGroup section */
		7CE93F211D6BAD560033846C /* Main.storyboard */ = {
			isa = PBXVariantGroup;
			children = (
				7CE93F221D6BAD560033846C /* Base */,
			);
			name = Main.storyboard;
			sourceTree = "<group>";
		};
		7CE93F291D6BAD560033846C /* LaunchScreen.storyboard */ = {
			isa = PBXVariantGroup;
			children = (
				7CE93F2A1D6BAD560033846C /* Base */,
			);
			name = LaunchScreen.storyboard;
			sourceTree = "<group>";
		};
/* End PBXVariantGroup section */

/* Begin XCBuildConfiguration section */
		7CE93F2D1D6BAD560033846C /* Debug */ = {
			isa = XCBuildConfiguration;
			buildSettings = {
				ALWAYS_SEARCH_USER_PATHS = NO;
				CLANG_ANALYZER_NONNULL = YES;
				CLANG_CXX_LANGUAGE_STANDARD = "gnu++0x";
				CLANG_CXX_LIBRARY = "libc++";
				CLANG_ENABLE_MODULES = YES;
				CLANG_ENABLE_OBJC_ARC = YES;
				CLANG_WARN_BOOL_CONVERSION = YES;
				CLANG_WARN_CONSTANT_CONVERSION = YES;
				CLANG_WARN_DIRECT_OBJC_ISA_USAGE = YES_ERROR;
				CLANG_WARN_EMPTY_BODY = YES;
				CLANG_WARN_ENUM_CONVERSION = YES;
				CLANG_WARN_INT_CONVERSION = YES;
				CLANG_WARN_OBJC_ROOT_CLASS = YES_ERROR;
				CLANG_WARN_UNREACHABLE_CODE = YES;
				CLANG_WARN__DUPLICATE_METHOD_MATCH = YES;
				"CODE_SIGN_IDENTITY[sdk=iphoneos*]" = "iPhone Developer";
				COPY_PHASE_STRIP = NO;
				DEBUG_INFORMATION_FORMAT = dwarf;
				ENABLE_STRICT_OBJC_MSGSEND = YES;
				ENABLE_TESTABILITY = YES;
				GCC_C_LANGUAGE_STANDARD = gnu99;
				GCC_DYNAMIC_NO_PIC = NO;
				GCC_NO_COMMON_BLOCKS = YES;
				GCC_OPTIMIZATION_LEVEL = 0;
				GCC_PREPROCESSOR_DEFINITIONS = (
					"DEBUG=1",
					"$(inherited)",
				);
				GCC_WARN_64_TO_32_BIT_CONVERSION = YES;
				GCC_WARN_ABOUT_RETURN_TYPE = YES_ERROR;
				GCC_WARN_UNDECLARED_SELECTOR = YES;
				GCC_WARN_UNINITIALIZED_AUTOS = YES_AGGRESSIVE;
				GCC_WARN_UNUSED_FUNCTION = YES;
				GCC_WARN_UNUSED_VARIABLE = YES;
				IPHONEOS_DEPLOYMENT_TARGET = 9.3;
				MTL_ENABLE_DEBUG_INFO = YES;
				ONLY_ACTIVE_ARCH = YES;
				SDKROOT = iphoneos;
				SWIFT_OPTIMIZATION_LEVEL = "-Onone";
				TARGETED_DEVICE_FAMILY = "1,2";
			};
			name = Debug;
		};
		7CE93F2E1D6BAD560033846C /* Release */ = {
			isa = XCBuildConfiguration;
			buildSettings = {
				ALWAYS_SEARCH_USER_PATHS = NO;
				CLANG_ANALYZER_NONNULL = YES;
				CLANG_CXX_LANGUAGE_STANDARD = "gnu++0x";
				CLANG_CXX_LIBRARY = "libc++";
				CLANG_ENABLE_MODULES = YES;
				CLANG_ENABLE_OBJC_ARC = YES;
				CLANG_WARN_BOOL_CONVERSION = YES;
				CLANG_WARN_CONSTANT_CONVERSION = YES;
				CLANG_WARN_DIRECT_OBJC_ISA_USAGE = YES_ERROR;
				CLANG_WARN_EMPTY_BODY = YES;
				CLANG_WARN_ENUM_CONVERSION = YES;
				CLANG_WARN_INT_CONVERSION = YES;
				CLANG_WARN_OBJC_ROOT_CLASS = YES_ERROR;
				CLANG_WARN_UNREACHABLE_CODE = YES;
				CLANG_WARN__DUPLICATE_METHOD_MATCH = YES;
				"CODE_SIGN_IDENTITY[sdk=iphoneos*]" = "iPhone Developer";
				COPY_PHASE_STRIP = NO;
				DEBUG_INFORMATION_FORMAT = "dwarf-with-dsym";
				ENABLE_NS_ASSERTIONS = NO;
				ENABLE_STRICT_OBJC_MSGSEND = YES;
				GCC_C_LANGUAGE_STANDARD = gnu99;
				GCC_NO_COMMON_BLOCKS = YES;
				GCC_WARN_64_TO_32_BIT_CONVERSION = YES;
				GCC_WARN_ABOUT_RETURN_TYPE = YES_ERROR;
				GCC_WARN_UNDECLARED_SELECTOR = YES;
				GCC_WARN_UNINITIALIZED_AUTOS = YES_AGGRESSIVE;
				GCC_WARN_UNUSED_FUNCTION = YES;
				GCC_WARN_UNUSED_VARIABLE = YES;
				IPHONEOS_DEPLOYMENT_TARGET = 9.3;
				MTL_ENABLE_DEBUG_INFO = NO;
				SDKROOT = iphoneos;
				TARGETED_DEVICE_FAMILY = "1,2";
				VALIDATE_PRODUCT = YES;
			};
			name = Release;
		};
		7CE93F301D6BAD560033846C /* Debug */ = {
			isa = XCBuildConfiguration;
			buildSettings = {
				ASSETCATALOG_COMPILER_APPICON_NAME = AppIcon;
				INFOPLIST_FILE = Moonrunner/Info.plist;
				LD_RUNPATH_SEARCH_PATHS = "$(inherited) @executable_path/Frameworks";
				PRODUCT_BUNDLE_IDENTIFIER = com.MagicUnicorn.Moonrunner;
				PRODUCT_NAME = "$(TARGET_NAME)";
			};
			name = Debug;
		};
		7CE93F311D6BAD560033846C /* Release */ = {
			isa = XCBuildConfiguration;
			buildSettings = {
				ASSETCATALOG_COMPILER_APPICON_NAME = AppIcon;
				INFOPLIST_FILE = Moonrunner/Info.plist;
				LD_RUNPATH_SEARCH_PATHS = "$(inherited) @executable_path/Frameworks";
				PRODUCT_BUNDLE_IDENTIFIER = com.MagicUnicorn.Moonrunner;
				PRODUCT_NAME = "$(TARGET_NAME)";
			};
			name = Release;
		};
/* End XCBuildConfiguration section */

/* Begin XCConfigurationList section */
		7CE93F151D6BAD560033846C /* Build configuration list for PBXProject "Moonrunner" */ = {
			isa = XCConfigurationList;
			buildConfigurations = (
				7CE93F2D1D6BAD560033846C /* Debug */,
				7CE93F2E1D6BAD560033846C /* Release */,
			);
			defaultConfigurationIsVisible = 0;
			defaultConfigurationName = Release;
		};
		7CE93F2F1D6BAD560033846C /* Build configuration list for PBXNativeTarget "Moonrunner" */ = {
			isa = XCConfigurationList;
			buildConfigurations = (
				7CE93F301D6BAD560033846C /* Debug */,
				7CE93F311D6BAD560033846C /* Release */,
			);
			defaultConfigurationIsVisible = 0;
		};
/* End XCConfigurationList section */

/* Begin XCVersionGroup section */
		7CE93F241D6BAD560033846C /* Moonrunner.xcdatamodeld */ = {
			isa = XCVersionGroup;
			children = (
				7CE93F251D6BAD560033846C /* Moonrunner.xcdatamodel */,
			);
			currentVersion = 7CE93F251D6BAD560033846C /* Moonrunner.xcdatamodel */;
			path = Moonrunner.xcdatamodeld;
			sourceTree = "<group>";
			versionGroupType = wrapper.xcdatamodel;
		};
/* End XCVersionGroup section */
	};
	rootObject = 7CE93F121D6BAD560033846C /* Project object */;
}
